PODS:
  - GoogleMaps (3.1.0):
    - GoogleMaps/Maps (= 3.1.0)
  - GoogleMaps/Base (3.1.0)
  - GoogleMaps/Maps (3.1.0):
    - GoogleMaps/Base
  - yoga (0.59.8.React)

DEPENDENCIES:
  - GoogleMaps
  - yoga (from `../node_modules/react-native/ReactCommon/yoga/yoga.podspec`)

SPEC REPOS:
  https://github.com/cocoapods/specs.git:
    - GoogleMaps

EXTERNAL SOURCES:
  yoga:
    :path: "../node_modules/react-native/ReactCommon/yoga/yoga.podspec"

SPEC CHECKSUMS:
  GoogleMaps: 5c13302e6fe6bb6e686b267196586b91cd594225
  yoga: 92b2102c3d373d1a790db4ab761d2b0ffc634f64

PODFILE CHECKSUM: f7a7a5fffe6cc3bd865d70421b3b76cb71cf4fd1

COCOAPODS: 1.7.0
